
Microsoft Visual Studio Solution File, Format Version 12.00
# Visual Studio Version 17
VisualStudioVersion = 17.4.33110.190
MinimumVisualStudioVersion = 10.0.40219.1
Project("{FAE04EC0-301F-11D3-BF4B-00C04F79EFBC}") = "Button", "Button.csproj", "{28595509-ECB7-40F0-B0D2-C72A312EDF50}"
EndProject
Global
	GlobalSection(SolutionConfigurationPlatforms) = preSolution
		Debug|Any CPU = Debug|Any CPU
		Release|Any CPU = Release|Any CPU
	EndGlobalSection
	GlobalSection(ProjectConfigurationPlatforms) = postSolution
		{28595509-ECB7-40F0-B0D2-C72A312EDF50}.Debug|Any CPU.ActiveCfg = Debug|Any CPU
		{28595509-ECB7-40F0-B0D2-C72A312EDF50}.Debug|Any CPU.Build.0 = Debug|Any CPU
		{28595509-ECB7-40F0-B0D2-C72A312EDF50}.Release|Any CPU.ActiveCfg = Release|Any CPU
		{28595509-ECB7-40F0-B0D2-C72A312EDF50}.Release|Any CPU.Build.0 = Release|Any CPU
	EndGlobalSection
	GlobalSection(SolutionProperties) = preSolution
		HideSolutionNode = FALSE
	EndGlobalSection
	GlobalSection(ExtensibilityGlobals) = postSolution
		SolutionGuid = {2F3D0E19-10B0-4539-84AA-DB9A808C465F}
	EndGlobalSection
EndGlobal
